
Microsoft Visual Studio Solution File, Format Version 12.00
# Visual Studio Version 16
VisualStudioVersion = 16.0.30011.22
MinimumVisualStudioVersion = 10.0.40219.1
Project("{FAE04EC0-301F-11D3-BF4B-00C04F79EFBC}") = "HomeKit Test", "HomeKit Test\HomeKit Test.csproj", "{2E687565-FB7B-446D-8B59-022F6FF15563}"
EndProject
Project("{FAE04EC0-301F-11D3-BF4B-00C04F79EFBC}") = "InverseFinder", "InverseFinder\InverseFinder.csproj", "{4ED703D4-A29B-48A5-ABA0-DC22BC5FD175}"
EndProject
Project("{888888A0-9F3D-457C-B088-3A5042F75D52}") = "Ed25519", "Ed25519\Ed25519.pyproj", "{A9E4C73F-97A5-49B9-A10E-292A1FB07CFA}"
EndProject
Project("{FAE04EC0-301F-11D3-BF4B-00C04F79EFBC}") = "chachaPolyTest", "chachaPolyTest\chachaPolyTest.csproj", "{EA362CD9-A070-4EC7-84FE-FF5C1B4A515F}"
EndProject
Global
	GlobalSection(SolutionConfigurationPlatforms) = preSolution
		Debug|Any CPU = Debug|Any CPU
		Release|Any CPU = Release|Any CPU
	EndGlobalSection
	GlobalSection(ProjectConfigurationPlatforms) = postSolution
		{2E687565-FB7B-446D-8B59-022F6FF15563}.Debug|Any CPU.ActiveCfg = Debug|Any CPU
		{2E687565-FB7B-446D-8B59-022F6FF15563}.Debug|Any CPU.Build.0 = Debug|Any CPU
		{2E687565-FB7B-446D-8B59-022F6FF15563}.Release|Any CPU.ActiveCfg = Release|Any CPU
		{2E687565-FB7B-446D-8B59-022F6FF15563}.Release|Any CPU.Build.0 = Release|Any CPU
		{4ED703D4-A29B-48A5-ABA0-DC22BC5FD175}.Debug|Any CPU.ActiveCfg = Debug|Any CPU
		{4ED703D4-A29B-48A5-ABA0-DC22BC5FD175}.Debug|Any CPU.Build.0 = Debug|Any CPU
		{4ED703D4-A29B-48A5-ABA0-DC22BC5FD175}.Release|Any CPU.ActiveCfg = Release|Any CPU
		{4ED703D4-A29B-48A5-ABA0-DC22BC5FD175}.Release|Any CPU.Build.0 = Release|Any CPU
		{A9E4C73F-97A5-49B9-A10E-292A1FB07CFA}.Debug|Any CPU.ActiveCfg = Debug|Any CPU
		{A9E4C73F-97A5-49B9-A10E-292A1FB07CFA}.Release|Any CPU.ActiveCfg = Release|Any CPU
		{EA362CD9-A070-4EC7-84FE-FF5C1B4A515F}.Debug|Any CPU.ActiveCfg = Debug|Any CPU
		{EA362CD9-A070-4EC7-84FE-FF5C1B4A515F}.Debug|Any CPU.Build.0 = Debug|Any CPU
		{EA362CD9-A070-4EC7-84FE-FF5C1B4A515F}.Release|Any CPU.ActiveCfg = Release|Any CPU
		{EA362CD9-A070-4EC7-84FE-FF5C1B4A515F}.Release|Any CPU.Build.0 = Release|Any CPU
	EndGlobalSection
	GlobalSection(SolutionProperties) = preSolution
		HideSolutionNode = FALSE
	EndGlobalSection
	GlobalSection(ExtensibilityGlobals) = postSolution
		SolutionGuid = {F21AA443-AB6D-4A72-9B29-B1DEA8C426C7}
	EndGlobalSection
EndGlobal
